
Microsoft Visual Studio Solution File, Format Version 12.00
# Visual Studio Version 17
VisualStudioVersion = 17.3.32901.215
MinimumVisualStudioVersion = 10.0.40219.1
Project("{FAE04EC0-301F-11D3-BF4B-00C04F79EFBC}") = "Session", "Session\Session.csproj", "{979CE399-D73D-4460-B5E6-AB949B7211B0}"
EndProject
Global
	GlobalSection(SolutionConfigurationPlatforms) = preSolution
		Debug|Any CPU = Debug|Any CPU
		Release|Any CPU = Release|Any CPU
	EndGlobalSection
	GlobalSection(ProjectConfigurationPlatforms) = postSolution
		{979CE399-D73D-4460-B5E6-AB949B7211B0}.Debug|Any CPU.ActiveCfg = Debug|Any CPU
		{979CE399-D73D-4460-B5E6-AB949B7211B0}.Debug|Any CPU.Build.0 = Debug|Any CPU
		{979CE399-D73D-4460-B5E6-AB949B7211B0}.Release|Any CPU.ActiveCfg = Release|Any CPU
		{979CE399-D73D-4460-B5E6-AB949B7211B0}.Release|Any CPU.Build.0 = Release|Any CPU
	EndGlobalSection
	GlobalSection(SolutionProperties) = preSolution
		HideSolutionNode = FALSE
	EndGlobalSection
	GlobalSection(ExtensibilityGlobals) = postSolution
		SolutionGuid = {0A8B0A8F-1506-4420-9571-FBF3D267259E}
	EndGlobalSection
EndGlobal
